// !$*UTF8*$!
{
	archiveVersion = 1;
	classes = {
	};
	objectVersion = 50;
	objects = {

/* Begin PBXBuildFile section */
		1848C3D824227D0C001B1250 /* AppDelegate.swift in Sources */ = {isa = PBXBuildFile; fileRef = 1848C3D724227D0C001B1250 /* AppDelegate.swift */; };
		1848C3DA24227D0C001B1250 /* SceneDelegate.swift in Sources */ = {isa = PBXBuildFile; fileRef = 1848C3D924227D0C001B1250 /* SceneDelegate.swift */; };
		1848C3DC24227D0C001B1250 /* ViewController.swift in Sources */ = {isa = PBXBuildFile; fileRef = 1848C3DB24227D0C001B1250 /* ViewController.swift */; };
		1848C3DF24227D0C001B1250 /* Main.storyboard in Resources */ = {isa = PBXBuildFile; fileRef = 1848C3DD24227D0C001B1250 /* Main.storyboard */; };
		1848C3E124227D0F001B1250 /* Assets.xcassets in Resources */ = {isa = PBXBuildFile; fileRef = 1848C3E024227D0F001B1250 /* Assets.xcassets */; };
		1848C3E424227D0F001B1250 /* LaunchScreen.storyboard in Resources */ = {isa = PBXBuildFile; fileRef = 1848C3E224227D0F001B1250 /* LaunchScreen.storyboard */; };
		1848C3EF24227D10001B1250 /* TrialMatchTests.swift in Sources */ = {isa = PBXBuildFile; fileRef = 1848C3EE24227D10001B1250 /* TrialMatchTests.swift */; };
		1848C3FA24227D10001B1250 /* TrialMatchUITests.swift in Sources */ = {isa = PBXBuildFile; fileRef = 1848C3F924227D10001B1250 /* TrialMatchUITests.swift */; };
		1848C41224227D5B001B1250 /* ResearchKit.framework in Frameworks */ = {isa = PBXBuildFile; fileRef = 1848C40E24227D4B001B1250 /* ResearchKit.framework */; };
		1848C41324227D5B001B1250 /* ResearchKit.framework in Embed Frameworks */ = {isa = PBXBuildFile; fileRef = 1848C40E24227D4B001B1250 /* ResearchKit.framework */; settings = {ATTRIBUTES = (CodeSignOnCopy, RemoveHeadersOnCopy, ); }; };
/* End PBXBuildFile section */

/* Begin PBXContainerItemProxy section */
		1848C3EB24227D10001B1250 /* PBXContainerItemProxy */ = {
			isa = PBXContainerItemProxy;
			containerPortal = 1848C3CC24227D0C001B1250 /* Project object */;
			proxyType = 1;
			remoteGlobalIDString = 1848C3D324227D0C001B1250;
			remoteInfo = TrialMatch;
		};
		1848C3F624227D10001B1250 /* PBXContainerItemProxy */ = {
			isa = PBXContainerItemProxy;
			containerPortal = 1848C3CC24227D0C001B1250 /* Project object */;
			proxyType = 1;
			remoteGlobalIDString = 1848C3D324227D0C001B1250;
			remoteInfo = TrialMatch;
		};
		1848C40D24227D4B001B1250 /* PBXContainerItemProxy */ = {
			isa = PBXContainerItemProxy;
			containerPortal = 1848C40724227D4A001B1250 /* ResearchKit.xcodeproj */;
			proxyType = 2;
			remoteGlobalIDString = B183A5951A8535D100C76870;
			remoteInfo = ResearchKit;
		};
		1848C40F24227D4B001B1250 /* PBXContainerItemProxy */ = {
			isa = PBXContainerItemProxy;
			containerPortal = 1848C40724227D4A001B1250 /* ResearchKit.xcodeproj */;
			proxyType = 2;
			remoteGlobalIDString = 86CC8E9A1AC09332001CCD89;
			remoteInfo = ResearchKitTests;
		};
/* End PBXContainerItemProxy section */

/* Begin PBXCopyFilesBuildPhase section */
		1848C41424227D5B001B1250 /* Embed Frameworks */ = {
			isa = PBXCopyFilesBuildPhase;
			buildActionMask = 2147483647;
			dstPath = "";
			dstSubfolderSpec = 10;
			files = (
				1848C41324227D5B001B1250 /* ResearchKit.framework in Embed Frameworks */,
			);
			name = "Embed Frameworks";
			runOnlyForDeploymentPostprocessing = 0;
		};
/* End PBXCopyFilesBuildPhase section */

/* Begin PBXFileReference section */
		1848C3D424227D0C001B1250 /* TrialMatch.app */ = {isa = PBXFileReference; explicitFileType = wrapper.application; includeInIndex = 0; path = TrialMatch.app; sourceTree = BUILT_PRODUCTS_DIR; };
		1848C3D724227D0C001B1250 /* AppDelegate.swift */ = {isa = PBXFileReference; lastKnownFileType = sourcecode.swift; path = AppDelegate.swift; sourceTree = "<group>"; };
		1848C3D924227D0C001B1250 /* SceneDelegate.swift */ = {isa = PBXFileReference; lastKnownFileType = sourcecode.swift; path = SceneDelegate.swift; sourceTree = "<group>"; };
		1848C3DB24227D0C001B1250 /* ViewController.swift */ = {isa = PBXFileReference; lastKnownFileType = sourcecode.swift; path = ViewController.swift; sourceTree = "<group>"; };
		1848C3DE24227D0C001B1250 /* Base */ = {isa = PBXFileReference; lastKnownFileType = file.storyboard; name = Base; path = Base.lproj/Main.storyboard; sourceTree = "<group>"; };
		1848C3E024227D0F001B1250 /* Assets.xcassets */ = {isa = PBXFileReference; lastKnownFileType = folder.assetcatalog; path = Assets.xcassets; sourceTree = "<group>"; };
		1848C3E324227D0F001B1250 /* Base */ = {isa = PBXFileReference; lastKnownFileType = file.storyboard; name = Base; path = Base.lproj/LaunchScreen.storyboard; sourceTree = "<group>"; };
		1848C3E524227D0F001B1250 /* Info.plist */ = {isa = PBXFileReference; lastKnownFileType = text.plist.xml; path = Info.plist; sourceTree = "<group>"; };
		1848C3EA24227D10001B1250 /* TrialMatchTests.xctest */ = {isa = PBXFileReference; explicitFileType = wrapper.cfbundle; includeInIndex = 0; path = TrialMatchTests.xctest; sourceTree = BUILT_PRODUCTS_DIR; };
		1848C3EE24227D10001B1250 /* TrialMatchTests.swift */ = {isa = PBXFileReference; lastKnownFileType = sourcecode.swift; path = TrialMatchTests.swift; sourceTree = "<group>"; };
		1848C3F024227D10001B1250 /* Info.plist */ = {isa = PBXFileReference; lastKnownFileType = text.plist.xml; path = Info.plist; sourceTree = "<group>"; };
		1848C3F524227D10001B1250 /* TrialMatchUITests.xctest */ = {isa = PBXFileReference; explicitFileType = wrapper.cfbundle; includeInIndex = 0; path = TrialMatchUITests.xctest; sourceTree = BUILT_PRODUCTS_DIR; };
		1848C3F924227D10001B1250 /* TrialMatchUITests.swift */ = {isa = PBXFileReference; lastKnownFileType = sourcecode.swift; path = TrialMatchUITests.swift; sourceTree = "<group>"; };
		1848C3FB24227D10001B1250 /* Info.plist */ = {isa = PBXFileReference; lastKnownFileType = text.plist.xml; path = Info.plist; sourceTree = "<group>"; };
		1848C40724227D4A001B1250 /* ResearchKit.xcodeproj */ = {isa = PBXFileReference; lastKnownFileType = "wrapper.pb-project"; name = ResearchKit.xcodeproj; path = ResearchKit/ResearchKit.xcodeproj; sourceTree = "<group>"; };
/* End PBXFileReference section */

/* Begin PBXFrameworksBuildPhase section */
		1848C3D124227D0C001B1250 /* Frameworks */ = {
			isa = PBXFrameworksBuildPhase;
			buildActionMask = 2147483647;
			files = (
				1848C41224227D5B001B1250 /* ResearchKit.framework in Frameworks */,
			);
			runOnlyForDeploymentPostprocessing = 0;
		};
		1848C3E724227D10001B1250 /* Frameworks */ = {
			isa = PBXFrameworksBuildPhase;
			buildActionMask = 2147483647;
			files = (
			);
			runOnlyForDeploymentPostprocessing = 0;
		};
		1848C3F224227D10001B1250 /* Frameworks */ = {
			isa = PBXFrameworksBuildPhase;
			buildActionMask = 2147483647;
			files = (
			);
			runOnlyForDeploymentPostprocessing = 0;
		};
/* End PBXFrameworksBuildPhase section */

/* Begin PBXGroup section */
		1848C3CB24227D0C001B1250 = {
			isa = PBXGroup;
			children = (
				1848C40724227D4A001B1250 /* ResearchKit.xcodeproj */,
				1848C3D624227D0C001B1250 /* TrialMatch */,
				1848C3ED24227D10001B1250 /* TrialMatchTests */,
				1848C3F824227D10001B1250 /* TrialMatchUITests */,
				1848C3D524227D0C001B1250 /* Products */,
				1848C41124227D5B001B1250 /* Frameworks */,
			);
			sourceTree = "<group>";
		};
		1848C3D524227D0C001B1250 /* Products */ = {
			isa = PBXGroup;
			children = (
				1848C3D424227D0C001B1250 /* TrialMatch.app */,
				1848C3EA24227D10001B1250 /* TrialMatchTests.xctest */,
				1848C3F524227D10001B1250 /* TrialMatchUITests.xctest */,
			);
			name = Products;
			sourceTree = "<group>";
		};
		1848C3D624227D0C001B1250 /* TrialMatch */ = {
			isa = PBXGroup;
			children = (
				1848C3D724227D0C001B1250 /* AppDelegate.swift */,
				1848C3D924227D0C001B1250 /* SceneDelegate.swift */,
				1848C3DB24227D0C001B1250 /* ViewController.swift */,
				1848C3DD24227D0C001B1250 /* Main.storyboard */,
				1848C3E024227D0F001B1250 /* Assets.xcassets */,
				1848C3E224227D0F001B1250 /* LaunchScreen.storyboard */,
				1848C3E524227D0F001B1250 /* Info.plist */,
			);
			path = TrialMatch;
			sourceTree = "<group>";
		};
		1848C3ED24227D10001B1250 /* TrialMatchTests */ = {
			isa = PBXGroup;
			children = (
				1848C3EE24227D10001B1250 /* TrialMatchTests.swift */,
				1848C3F024227D10001B1250 /* Info.plist */,
			);
			path = TrialMatchTests;
			sourceTree = "<group>";
		};
		1848C3F824227D10001B1250 /* TrialMatchUITests */ = {
			isa = PBXGroup;
			children = (
				1848C3F924227D10001B1250 /* TrialMatchUITests.swift */,
				1848C3FB24227D10001B1250 /* Info.plist */,
			);
			path = TrialMatchUITests;
			sourceTree = "<group>";
		};
		1848C40824227D4A001B1250 /* Products */ = {
			isa = PBXGroup;
			children = (
				1848C40E24227D4B001B1250 /* ResearchKit.framework */,
				1848C41024227D4B001B1250 /* ResearchKitTests.xctest */,
			);
			name = Products;
			sourceTree = "<group>";
		};
		1848C41124227D5B001B1250 /* Frameworks */ = {
			isa = PBXGroup;
			children = (
			);
			name = Frameworks;
			sourceTree = "<group>";
		};
/* End PBXGroup section */

/* Begin PBXNativeTarget section */
		1848C3D324227D0C001B1250 /* TrialMatch */ = {
			isa = PBXNativeTarget;
			buildConfigurationList = 1848C3FE24227D10001B1250 /* Build configuration list for PBXNativeTarget "TrialMatch" */;
			buildPhases = (
				1848C3D024227D0C001B1250 /* Sources */,
				1848C3D124227D0C001B1250 /* Frameworks */,
				1848C3D224227D0C001B1250 /* Resources */,
				1848C41424227D5B001B1250 /* Embed Frameworks */,
			);
			buildRules = (
			);
			dependencies = (
			);
			name = TrialMatch;
			productName = TrialMatch;
			productReference = 1848C3D424227D0C001B1250 /* TrialMatch.app */;
			productType = "com.apple.product-type.application";
		};
		1848C3E924227D10001B1250 /* TrialMatchTests */ = {
			isa = PBXNativeTarget;
			buildConfigurationList = 1848C40124227D10001B1250 /* Build configuration list for PBXNativeTarget "TrialMatchTests" */;
			buildPhases = (
				1848C3E624227D10001B1250 /* Sources */,
				1848C3E724227D10001B1250 /* Frameworks */,
				1848C3E824227D10001B1250 /* Resources */,
			);
			buildRules = (
			);
			dependencies = (
				1848C3EC24227D10001B1250 /* PBXTargetDependency */,
			);
			name = TrialMatchTests;
			productName = TrialMatchTests;
			productReference = 1848C3EA24227D10001B1250 /* TrialMatchTests.xctest */;
			productType = "com.apple.product-type.bundle.unit-test";
		};
		1848C3F424227D10001B1250 /* TrialMatchUITests */ = {
			isa = PBXNativeTarget;
			buildConfigurationList = 1848C40424227D10001B1250 /* Build configuration list for PBXNativeTarget "TrialMatchUITests" */;
			buildPhases = (
				1848C3F124227D10001B1250 /* Sources */,
				1848C3F224227D10001B1250 /* Frameworks */,
				1848C3F324227D10001B1250 /* Resources */,
			);
			buildRules = (
			);
			dependencies = (
				1848C3F724227D10001B1250 /* PBXTargetDependency */,
			);
			name = TrialMatchUITests;
			productName = TrialMatchUITests;
			productReference = 1848C3F524227D10001B1250 /* TrialMatchUITests.xctest */;
			productType = "com.apple.product-type.bundle.ui-testing";
		};
/* End PBXNativeTarget section */

/* Begin PBXProject section */
		1848C3CC24227D0C001B1250 /* Project object */ = {
			isa = PBXProject;
			attributes = {
				LastSwiftUpdateCheck = 1130;
				LastUpgradeCheck = 1130;
				ORGANIZATIONNAME = ClinTwin;
				TargetAttributes = {
					1848C3D324227D0C001B1250 = {
						CreatedOnToolsVersion = 11.3.1;
					};
					1848C3E924227D10001B1250 = {
						CreatedOnToolsVersion = 11.3.1;
						TestTargetID = 1848C3D324227D0C001B1250;
					};
					1848C3F424227D10001B1250 = {
						CreatedOnToolsVersion = 11.3.1;
						TestTargetID = 1848C3D324227D0C001B1250;
					};
				};
			};
			buildConfigurationList = 1848C3CF24227D0C001B1250 /* Build configuration list for PBXProject "TrialMatch" */;
			compatibilityVersion = "Xcode 9.3";
			developmentRegion = en;
			hasScannedForEncodings = 0;
			knownRegions = (
				en,
				Base,
			);
			mainGroup = 1848C3CB24227D0C001B1250;
			productRefGroup = 1848C3D524227D0C001B1250 /* Products */;
			projectDirPath = "";
			projectReferences = (
				{
					ProductGroup = 1848C40824227D4A001B1250 /* Products */;
					ProjectRef = 1848C40724227D4A001B1250 /* ResearchKit.xcodeproj */;
				},
			);
			projectRoot = "";
			targets = (
				1848C3D324227D0C001B1250 /* TrialMatch */,
				1848C3E924227D10001B1250 /* TrialMatchTests */,
				1848C3F424227D10001B1250 /* TrialMatchUITests */,
			);
		};
/* End PBXProject section */

/* Begin PBXReferenceProxy section */
		1848C40E24227D4B001B1250 /* ResearchKit.framework */ = {
			isa = PBXReferenceProxy;
			fileType = wrapper.framework;
			path = ResearchKit.framework;
			remoteRef = 1848C40D24227D4B001B1250 /* PBXContainerItemProxy */;
			sourceTree = BUILT_PRODUCTS_DIR;
		};
		1848C41024227D4B001B1250 /* ResearchKitTests.xctest */ = {
			isa = PBXReferenceProxy;
			fileType = wrapper.cfbundle;
			path = ResearchKitTests.xctest;
			remoteRef = 1848C40F24227D4B001B1250 /* PBXContainerItemProxy */;
			sourceTree = BUILT_PRODUCTS_DIR;
		};
/* End PBXReferenceProxy section */

/* Begin PBXResourcesBuildPhase section */
		1848C3D224227D0C001B1250 /* Resources */ = {
			isa = PBXResourcesBuildPhase;
			buildActionMask = 2147483647;
			files = (
				1848C3E424227D0F001B1250 /* LaunchScreen.storyboard in Resources */,
				1848C3E124227D0F001B1250 /* Assets.xcassets in Resources */,
				1848C3DF24227D0C001B1250 /* Main.storyboard in Resources */,
			);
			runOnlyForDeploymentPostprocessing = 0;
		};
		1848C3E824227D10001B1250 /* Resources */ = {
			isa = PBXResourcesBuildPhase;
			buildActionMask = 2147483647;
			files = (
			);
			runOnlyForDeploymentPostprocessing = 0;
		};
		1848C3F324227D10001B1250 /* Resources */ = {
			isa = PBXResourcesBuildPhase;
			buildActionMask = 2147483647;
			files = (
			);
			runOnlyForDeploymentPostprocessing = 0;
		};
/* End PBXResourcesBuildPhase section */

/* Begin PBXSourcesBuildPhase section */
		1848C3D024227D0C001B1250 /* Sources */ = {
			isa = PBXSourcesBuildPhase;
			buildActionMask = 2147483647;
			files = (
				1848C3DC24227D0C001B1250 /* ViewController.swift in Sources */,
				1848C3D824227D0C001B1250 /* AppDelegate.swift in Sources */,
				1848C3DA24227D0C001B1250 /* SceneDelegate.swift in Sources */,
			);
			runOnlyForDeploymentPostprocessing = 0;
		};
		1848C3E624227D10001B1250 /* Sources */ = {
			isa = PBXSourcesBuildPhase;
			buildActionMask = 2147483647;
			files = (
				1848C3EF24227D10001B1250 /* TrialMatchTests.swift in Sources */,
			);
			runOnlyForDeploymentPostprocessing = 0;
		};
		1848C3F124227D10001B1250 /* Sources */ = {
			isa = PBXSourcesBuildPhase;
			buildActionMask = 2147483647;
			files = (
				1848C3FA24227D10001B1250 /* TrialMatchUITests.swift in Sources */,
			);
			runOnlyForDeploymentPostprocessing = 0;
		};
/* End PBXSourcesBuildPhase section */

/* Begin PBXTargetDependency section */
		1848C3EC24227D10001B1250 /* PBXTargetDependency */ = {
			isa = PBXTargetDependency;
			target = 1848C3D324227D0C001B1250 /* TrialMatch */;
			targetProxy = 1848C3EB24227D10001B1250 /* PBXContainerItemProxy */;
		};
		1848C3F724227D10001B1250 /* PBXTargetDependency */ = {
			isa = PBXTargetDependency;
			target = 1848C3D324227D0C001B1250 /* TrialMatch */;
			targetProxy = 1848C3F624227D10001B1250 /* PBXContainerItemProxy */;
		};
/* End PBXTargetDependency section */

/* Begin PBXVariantGroup section */
		1848C3DD24227D0C001B1250 /* Main.storyboard */ = {
			isa = PBXVariantGroup;
			children = (
				1848C3DE24227D0C001B1250 /* Base */,
			);
			name = Main.storyboard;
			sourceTree = "<group>";
		};
		1848C3E224227D0F001B1250 /* LaunchScreen.storyboard */ = {
			isa = PBXVariantGroup;
			children = (
				1848C3E324227D0F001B1250 /* Base */,
			);
			name = LaunchScreen.storyboard;
			sourceTree = "<group>";
		};
/* End PBXVariantGroup section */

/* Begin XCBuildConfiguration section */
		1848C3FC24227D10001B1250 /* Debug */ = {
			isa = XCBuildConfiguration;
			buildSettings = {
				ALWAYS_SEARCH_USER_PATHS = NO;
				CLANG_ANALYZER_NONNULL = YES;
				CLANG_ANALYZER_NUMBER_OBJECT_CONVERSION = YES_AGGRESSIVE;
				CLANG_CXX_LANGUAGE_STANDARD = "gnu++14";
				CLANG_CXX_LIBRARY = "libc++";
				CLANG_ENABLE_MODULES = YES;
				CLANG_ENABLE_OBJC_ARC = YES;
				CLANG_ENABLE_OBJC_WEAK = YES;
				CLANG_WARN_BLOCK_CAPTURE_AUTORELEASING = YES;
				CLANG_WARN_BOOL_CONVERSION = YES;
				CLANG_WARN_COMMA = YES;
				CLANG_WARN_CONSTANT_CONVERSION = YES;
				CLANG_WARN_DEPRECATED_OBJC_IMPLEMENTATIONS = YES;
				CLANG_WARN_DIRECT_OBJC_ISA_USAGE = YES_ERROR;
				CLANG_WARN_DOCUMENTATION_COMMENTS = YES;
				CLANG_WARN_EMPTY_BODY = YES;
				CLANG_WARN_ENUM_CONVERSION = YES;
				CLANG_WARN_INFINITE_RECURSION = YES;
				CLANG_WARN_INT_CONVERSION = YES;
				CLANG_WARN_NON_LITERAL_NULL_CONVERSION = YES;
				CLANG_WARN_OBJC_IMPLICIT_RETAIN_SELF = YES;
				CLANG_WARN_OBJC_LITERAL_CONVERSION = YES;
				CLANG_WARN_OBJC_ROOT_CLASS = YES_ERROR;
				CLANG_WARN_RANGE_LOOP_ANALYSIS = YES;
				CLANG_WARN_STRICT_PROTOTYPES = YES;
				CLANG_WARN_SUSPICIOUS_MOVE = YES;
				CLANG_WARN_UNGUARDED_AVAILABILITY = YES_AGGRESSIVE;
				CLANG_WARN_UNREACHABLE_CODE = YES;
				CLANG_WARN__DUPLICATE_METHOD_MATCH = YES;
				COPY_PHASE_STRIP = NO;
				DEBUG_INFORMATION_FORMAT = dwarf;
				ENABLE_STRICT_OBJC_MSGSEND = YES;
				ENABLE_TESTABILITY = YES;
				GCC_C_LANGUAGE_STANDARD = gnu11;
				GCC_DYNAMIC_NO_PIC = NO;
				GCC_NO_COMMON_BLOCKS = YES;
				GCC_OPTIMIZATION_LEVEL = 0;
				GCC_PREPROCESSOR_DEFINITIONS = (
					"DEBUG=1",
					"$(inherited)",
				);
				GCC_WARN_64_TO_32_BIT_CONVERSION = YES;
				GCC_WARN_ABOUT_RETURN_TYPE = YES_ERROR;
				GCC_WARN_UNDECLARED_SELECTOR = YES;
				GCC_WARN_UNINITIALIZED_AUTOS = YES_AGGRESSIVE;
				GCC_WARN_UNUSED_FUNCTION = YES;
				GCC_WARN_UNUSED_VARIABLE = YES;
				IPHONEOS_DEPLOYMENT_TARGET = 13.2;
				MTL_ENABLE_DEBUG_INFO = INCLUDE_SOURCE;
				MTL_FAST_MATH = YES;
				ONLY_ACTIVE_ARCH = YES;
				SDKROOT = iphoneos;
				SWIFT_ACTIVE_COMPILATION_CONDITIONS = DEBUG;
				SWIFT_OPTIMIZATION_LEVEL = "-Onone";
			};
			name = Debug;
		};
		1848C3FD24227D10001B1250 /* Release */ = {
			isa = XCBuildConfiguration;
			buildSettings = {
				ALWAYS_SEARCH_USER_PATHS = NO;
				CLANG_ANALYZER_NONNULL = YES;
				CLANG_ANALYZER_NUMBER_OBJECT_CONVERSION = YES_AGGRESSIVE;
				CLANG_CXX_LANGUAGE_STANDARD = "gnu++14";
				CLANG_CXX_LIBRARY = "libc++";
				CLANG_ENABLE_MODULES = YES;
				CLANG_ENABLE_OBJC_ARC = YES;
				CLANG_ENABLE_OBJC_WEAK = YES;
				CLANG_WARN_BLOCK_CAPTURE_AUTORELEASING = YES;
				CLANG_WARN_BOOL_CONVERSION = YES;
				CLANG_WARN_COMMA = YES;
				CLANG_WARN_CONSTANT_CONVERSION = YES;
				CLANG_WARN_DEPRECATED_OBJC_IMPLEMENTATIONS = YES;
				CLANG_WARN_DIRECT_OBJC_ISA_USAGE = YES_ERROR;
				CLANG_WARN_DOCUMENTATION_COMMENTS = YES;
				CLANG_WARN_EMPTY_BODY = YES;
				CLANG_WARN_ENUM_CONVERSION = YES;
				CLANG_WARN_INFINITE_RECURSION = YES;
				CLANG_WARN_INT_CONVERSION = YES;
				CLANG_WARN_NON_LITERAL_NULL_CONVERSION = YES;
				CLANG_WARN_OBJC_IMPLICIT_RETAIN_SELF = YES;
				CLANG_WARN_OBJC_LITERAL_CONVERSION = YES;
				CLANG_WARN_OBJC_ROOT_CLASS = YES_ERROR;
				CLANG_WARN_RANGE_LOOP_ANALYSIS = YES;
				CLANG_WARN_STRICT_PROTOTYPES = YES;
				CLANG_WARN_SUSPICIOUS_MOVE = YES;
				CLANG_WARN_UNGUARDED_AVAILABILITY = YES_AGGRESSIVE;
				CLANG_WARN_UNREACHABLE_CODE = YES;
				CLANG_WARN__DUPLICATE_METHOD_MATCH = YES;
				COPY_PHASE_STRIP = NO;
				DEBUG_INFORMATION_FORMAT = "dwarf-with-dsym";
				ENABLE_NS_ASSERTIONS = NO;
				ENABLE_STRICT_OBJC_MSGSEND = YES;
				GCC_C_LANGUAGE_STANDARD = gnu11;
				GCC_NO_COMMON_BLOCKS = YES;
				GCC_WARN_64_TO_32_BIT_CONVERSION = YES;
				GCC_WARN_ABOUT_RETURN_TYPE = YES_ERROR;
				GCC_WARN_UNDECLARED_SELECTOR = YES;
				GCC_WARN_UNINITIALIZED_AUTOS = YES_AGGRESSIVE;
				GCC_WARN_UNUSED_FUNCTION = YES;
				GCC_WARN_UNUSED_VARIABLE = YES;
				IPHONEOS_DEPLOYMENT_TARGET = 13.2;
				MTL_ENABLE_DEBUG_INFO = NO;
				MTL_FAST_MATH = YES;
				SDKROOT = iphoneos;
				SWIFT_COMPILATION_MODE = wholemodule;
				SWIFT_OPTIMIZATION_LEVEL = "-O";
				VALIDATE_PRODUCT = YES;
			};
			name = Release;
		};
		1848C3FF24227D10001B1250 /* Debug */ = {
			isa = XCBuildConfiguration;
			buildSettings = {
				ASSETCATALOG_COMPILER_APPICON_NAME = AppIcon;
				CODE_SIGN_STYLE = Automatic;
				INFOPLIST_FILE = TrialMatch/Info.plist;
				LD_RUNPATH_SEARCH_PATHS = (
					"$(inherited)",
					"@executable_path/Frameworks",
				);
				PRODUCT_BUNDLE_IDENTIFIER = com.clintwin.trialmatch.TrialMatch;
				PRODUCT_NAME = "$(TARGET_NAME)";
				SWIFT_VERSION = 5.0;
				TARGETED_DEVICE_FAMILY = "1,2";
			};
			name = Debug;
		};
		1848C40024227D10001B1250 /* Release */ = {
			isa = XCBuildConfiguration;
			buildSettings = {
				ASSETCATALOG_COMPILER_APPICON_NAME = AppIcon;
				CODE_SIGN_STYLE = Automatic;
				INFOPLIST_FILE = TrialMatch/Info.plist;
				LD_RUNPATH_SEARCH_PATHS = (
					"$(inherited)",
					"@executable_path/Frameworks",
				);
				PRODUCT_BUNDLE_IDENTIFIER = com.clintwin.trialmatch.TrialMatch;
				PRODUCT_NAME = "$(TARGET_NAME)";
				SWIFT_VERSION = 5.0;
				TARGETED_DEVICE_FAMILY = "1,2";
			};
			name = Release;
		};
		1848C40224227D10001B1250 /* Debug */ = {
			isa = XCBuildConfiguration;
			buildSettings = {
				ALWAYS_EMBED_SWIFT_STANDARD_LIBRARIES = YES;
				BUNDLE_LOADER = "$(TEST_HOST)";
				CODE_SIGN_STYLE = Automatic;
				INFOPLIST_FILE = TrialMatchTests/Info.plist;
				IPHONEOS_DEPLOYMENT_TARGET = 13.2;
				LD_RUNPATH_SEARCH_PATHS = (
					"$(inherited)",
					"@executable_path/Frameworks",
					"@loader_path/Frameworks",
				);
				PRODUCT_BUNDLE_IDENTIFIER = com.clintwin.trialmatch.TrialMatchTests;
				PRODUCT_NAME = "$(TARGET_NAME)";
				SWIFT_VERSION = 5.0;
				TARGETED_DEVICE_FAMILY = "1,2";
				TEST_HOST = "$(BUILT_PRODUCTS_DIR)/TrialMatch.app/TrialMatch";
			};
			name = Debug;
		};
		1848C40324227D10001B1250 /* Release */ = {
			isa = XCBuildConfiguration;
			buildSettings = {
				ALWAYS_EMBED_SWIFT_STANDARD_LIBRARIES = YES;
				BUNDLE_LOADER = "$(TEST_HOST)";
				CODE_SIGN_STYLE = Automatic;
				INFOPLIST_FILE = TrialMatchTests/Info.plist;
				IPHONEOS_DEPLOYMENT_TARGET = 13.2;
				LD_RUNPATH_SEARCH_PATHS = (
					"$(inherited)",
					"@executable_path/Frameworks",
					"@loader_path/Frameworks",
				);
				PRODUCT_BUNDLE_IDENTIFIER = com.clintwin.trialmatch.TrialMatchTests;
				PRODUCT_NAME = "$(TARGET_NAME)";
				SWIFT_VERSION = 5.0;
				TARGETED_DEVICE_FAMILY = "1,2";
				TEST_HOST = "$(BUILT_PRODUCTS_DIR)/TrialMatch.app/TrialMatch";
			};
			name = Release;
		};
		1848C40524227D10001B1250 /* Debug */ = {
			isa = XCBuildConfiguration;
			buildSettings = {
				ALWAYS_EMBED_SWIFT_STANDARD_LIBRARIES = YES;
				CODE_SIGN_STYLE = Automatic;
				INFOPLIST_FILE = TrialMatchUITests/Info.plist;
				LD_RUNPATH_SEARCH_PATHS = (
					"$(inherited)",
					"@executable_path/Frameworks",
					"@loader_path/Frameworks",
				);
				PRODUCT_BUNDLE_IDENTIFIER = com.clintwin.trialmatch.TrialMatchUITests;
				PRODUCT_NAME = "$(TARGET_NAME)";
				SWIFT_VERSION = 5.0;
				TARGETED_DEVICE_FAMILY = "1,2";
				TEST_TARGET_NAME = TrialMatch;
			};
			name = Debug;
		};
		1848C40624227D10001B1250 /* Release */ = {
			isa = XCBuildConfiguration;
			buildSettings = {
				ALWAYS_EMBED_SWIFT_STANDARD_LIBRARIES = YES;
				CODE_SIGN_STYLE = Automatic;
				INFOPLIST_FILE = TrialMatchUITests/Info.plist;
				LD_RUNPATH_SEARCH_PATHS = (
					"$(inherited)",
					"@executable_path/Frameworks",
					"@loader_path/Frameworks",
				);
				PRODUCT_BUNDLE_IDENTIFIER = com.clintwin.trialmatch.TrialMatchUITests;
				PRODUCT_NAME = "$(TARGET_NAME)";
				SWIFT_VERSION = 5.0;
				TARGETED_DEVICE_FAMILY = "1,2";
				TEST_TARGET_NAME = TrialMatch;
			};
			name = Release;
		};
/* End XCBuildConfiguration section */

/* Begin XCConfigurationList section */
		1848C3CF24227D0C001B1250 /* Build configuration list for PBXProject "TrialMatch" */ = {
			isa = XCConfigurationList;
			buildConfigurations = (
				1848C3FC24227D10001B1250 /* Debug */,
				1848C3FD24227D10001B1250 /* Release */,
			);
			defaultConfigurationIsVisible = 0;
			defaultConfigurationName = Release;
		};
		1848C3FE24227D10001B1250 /* Build configuration list for PBXNativeTarget "TrialMatch" */ = {
			isa = XCConfigurationList;
			buildConfigurations = (
				1848C3FF24227D10001B1250 /* Debug */,
				1848C40024227D10001B1250 /* Release */,
			);
			defaultConfigurationIsVisible = 0;
			defaultConfigurationName = Release;
		};
		1848C40124227D10001B1250 /* Build configuration list for PBXNativeTarget "TrialMatchTests" */ = {
			isa = XCConfigurationList;
			buildConfigurations = (
				1848C40224227D10001B1250 /* Debug */,
				1848C40324227D10001B1250 /* Release */,
			);
			defaultConfigurationIsVisible = 0;
			defaultConfigurationName = Release;
		};
		1848C40424227D10001B1250 /* Build configuration list for PBXNativeTarget "TrialMatchUITests" */ = {
			isa = XCConfigurationList;
			buildConfigurations = (
				1848C40524227D10001B1250 /* Debug */,
				1848C40624227D10001B1250 /* Release */,
			);
			defaultConfigurationIsVisible = 0;
			defaultConfigurationName = Release;
		};
/* End XCConfigurationList section */
	};
	rootObject = 1848C3CC24227D0C001B1250 /* Project object */;
}
